// !$*UTF8*$!
{
	archiveVersion = 1;
	classes = {
	};
	objectVersion = 46;
	objects = {

/* Begin PBXBuildFile section */
		4E0E00171D5706A8004D4787 /* Farm_San_Francisco_Pokémon_Go_GPX.gpx in Resources */ = {isa = PBXBuildFile; fileRef = 4E0E00161D5706A8004D4787 /* Farm_San_Francisco_Pokémon_Go_GPX.gpx */; };
		4E0E00191D570C4B004D4787 /* San_Fransico_Pokemon_Route.gpx in Resources */ = {isa = PBXBuildFile; fileRef = 4E0E00181D570C4B004D4787 /* San_Fransico_Pokemon_Route.gpx */; };
		4E0E001D1D5710B8004D4787 /* route201317402.gpx in Resources */ = {isa = PBXBuildFile; fileRef = 4E0E001C1D5710B8004D4787 /* route201317402.gpx */; };
		4E0E00411D585C12004D4787 /* burke.gpx in Resources */ = {isa = PBXBuildFile; fileRef = 4E0E00401D585C12004D4787 /* burke.gpx */; };
		4E0E00431D58678F004D4787 /* burke_up.gpx in Resources */ = {isa = PBXBuildFile; fileRef = 4E0E00421D58678F004D4787 /* burke_up.gpx */; };
		4E0E00451D5879D2004D4787 /* burke_bean.gpx in Resources */ = {isa = PBXBuildFile; fileRef = 4E0E00441D5879D2004D4787 /* burke_bean.gpx */; };
		4E0E00471D587A38004D4787 /* burke_up2.gpx in Resources */ = {isa = PBXBuildFile; fileRef = 4E0E00461D587A38004D4787 /* burke_up2.gpx */; };
		4E0E00491D59BBCE004D4787 /* santa_monica.gpx in Resources */ = {isa = PBXBuildFile; fileRef = 4E0E00481D59BBCE004D4787 /* santa_monica.gpx */; };
		4E0E004B1D5AE7EF004D4787 /* pier2.gpx in Resources */ = {isa = PBXBuildFile; fileRef = 4E0E004A1D5AE7EF004D4787 /* pier2.gpx */; };
		4E0E004D1D5AF8A9004D4787 /* santa_monica_2.gpx in Resources */ = {isa = PBXBuildFile; fileRef = 4E0E004C1D5AF8A9004D4787 /* santa_monica_2.gpx */; };
		4E0E004F1D5AF9CF004D4787 /* santa_monica_inward.gpx in Resources */ = {isa = PBXBuildFile; fileRef = 4E0E004E1D5AF9CF004D4787 /* santa_monica_inward.gpx */; };
		4E0E00511D5AFAD6004D4787 /* santa_monica_park.gpx in Resources */ = {isa = PBXBuildFile; fileRef = 4E0E00501D5AFAD6004D4787 /* santa_monica_park.gpx */; };
		4E0E00531D5AFF44004D4787 /* santa_monica_south.gpx in Resources */ = {isa = PBXBuildFile; fileRef = 4E0E00521D5AFF44004D4787 /* santa_monica_south.gpx */; };
		4E0E00551D5B0579004D4787 /* santa_monica_long.gpx in Resources */ = {isa = PBXBuildFile; fileRef = 4E0E00541D5B0579004D4787 /* santa_monica_long.gpx */; };
		4E0E00571D5DB28D004D4787 /* pier3.gpx in Resources */ = {isa = PBXBuildFile; fileRef = 4E0E00561D5DB28D004D4787 /* pier3.gpx */; };
		4E0E00591D5DB7FB004D4787 /* pier4.gpx in Resources */ = {isa = PBXBuildFile; fileRef = 4E0E00581D5DB7FB004D4787 /* pier4.gpx */; };
		4E0E005D1D6041DF004D4787 /* dragonite.gpx in Resources */ = {isa = PBXBuildFile; fileRef = 4E0E005C1D6041DF004D4787 /* dragonite.gpx */; };
		4E0E00891D619BFF004D4787 /* alakazam.gpx in Resources */ = {isa = PBXBuildFile; fileRef = 4E0E00881D619BFF004D4787 /* alakazam.gpx */; };
		4E0E008D1D62EEFD004D4787 /* beedrill.gpx in Resources */ = {isa = PBXBuildFile; fileRef = 4E0E008C1D62EEFD004D4787 /* beedrill.gpx */; };
		4E0E008F1D62EFDE004D4787 /* dratini.gpx in Resources */ = {isa = PBXBuildFile; fileRef = 4E0E008E1D62EFDE004D4787 /* dratini.gpx */; };
		4E0E00911D644C1D004D4787 /* dragonair.gpx in Resources */ = {isa = PBXBuildFile; fileRef = 4E0E00901D644C1D004D4787 /* dragonair.gpx */; };
		4E0E00931D644C6A004D4787 /* dragonair2.gpx in Resources */ = {isa = PBXBuildFile; fileRef = 4E0E00921D644C6A004D4787 /* dragonair2.gpx */; };
		4E16CF2918682BD200658FE0 /* Foundation.framework in Frameworks */ = {isa = PBXBuildFile; fileRef = 4E16CF2818682BD200658FE0 /* Foundation.framework */; };
		4E16CF2B18682BD200658FE0 /* CoreGraphics.framework in Frameworks */ = {isa = PBXBuildFile; fileRef = 4E16CF2A18682BD200658FE0 /* CoreGraphics.framework */; };
		4E16CF2D18682BD200658FE0 /* UIKit.framework in Frameworks */ = {isa = PBXBuildFile; fileRef = 4E16CF2C18682BD200658FE0 /* UIKit.framework */; };
		4E16CF3318682BD200658FE0 /* InfoPlist.strings in Resources */ = {isa = PBXBuildFile; fileRef = 4E16CF3118682BD200658FE0 /* InfoPlist.strings */; };
		4E16CF3518682BD200658FE0 /* main.m in Sources */ = {isa = PBXBuildFile; fileRef = 4E16CF3418682BD200658FE0 /* main.m */; };
		4E16CF3918682BD200658FE0 /* LMPAppDelegate.m in Sources */ = {isa = PBXBuildFile; fileRef = 4E16CF3818682BD200658FE0 /* LMPAppDelegate.m */; };
		4E16CF3C18682BD200658FE0 /* Main.storyboard in Resources */ = {isa = PBXBuildFile; fileRef = 4E16CF3A18682BD200658FE0 /* Main.storyboard */; };
		4E16CF3F18682BD200658FE0 /* LMPViewController.m in Sources */ = {isa = PBXBuildFile; fileRef = 4E16CF3E18682BD200658FE0 /* LMPViewController.m */; };
		4E16CF4118682BD200658FE0 /* Images.xcassets in Resources */ = {isa = PBXBuildFile; fileRef = 4E16CF4018682BD200658FE0 /* Images.xcassets */; };
		4E16CF68186832A800658FE0 /* FMDatabase.m in Sources */ = {isa = PBXBuildFile; fileRef = 4E16CF5F186832A800658FE0 /* FMDatabase.m */; };
		4E16CF69186832A800658FE0 /* FMDatabaseAdditions.m in Sources */ = {isa = PBXBuildFile; fileRef = 4E16CF61186832A800658FE0 /* FMDatabaseAdditions.m */; };
		4E16CF6A186832A800658FE0 /* FMDatabasePool.m in Sources */ = {isa = PBXBuildFile; fileRef = 4E16CF63186832A800658FE0 /* FMDatabasePool.m */; };
		4E16CF6B186832A800658FE0 /* FMDatabaseQueue.m in Sources */ = {isa = PBXBuildFile; fileRef = 4E16CF65186832A800658FE0 /* FMDatabaseQueue.m */; };
		4E16CF6C186832A800658FE0 /* FMResultSet.m in Sources */ = {isa = PBXBuildFile; fileRef = 4E16CF67186832A800658FE0 /* FMResultSet.m */; };
		4E16CF6E186832BC00658FE0 /* libsqlite3.dylib in Frameworks */ = {isa = PBXBuildFile; fileRef = 4E16CF6D186832BC00658FE0 /* libsqlite3.dylib */; };
		4E16CFBD186D6E0800658FE0 /* LMPDataPoint.m in Sources */ = {isa = PBXBuildFile; fileRef = 4E16CFBC186D6E0800658FE0 /* LMPDataPoint.m */; };
		4EB9CFA21D727205000D7B46 /* dragonite99.gpx in Resources */ = {isa = PBXBuildFile; fileRef = 4EB9CFA11D727205000D7B46 /* dragonite99.gpx */; };
		4EB9CFA41D72A86A000D7B46 /* ocean_park.gpx in Resources */ = {isa = PBXBuildFile; fileRef = 4EB9CFA31D72A86A000D7B46 /* ocean_park.gpx */; };
		4EB9CFA61D72A8CF000D7B46 /* dragonair999.gpx in Resources */ = {isa = PBXBuildFile; fileRef = 4EB9CFA51D72A8CF000D7B46 /* dragonair999.gpx */; };
		4EB9CFA81D72AFE1000D7B46 /* new_dratini.gpx in Resources */ = {isa = PBXBuildFile; fileRef = 4EB9CFA71D72AFE1000D7B46 /* new_dratini.gpx */; };
		4ECD11591D721AB70016E156 /* dragonair5.gpx in Resources */ = {isa = PBXBuildFile; fileRef = 4ECD11581D721AB70016E156 /* dragonair5.gpx */; };
		4ECD115B1D721C7D0016E156 /* dragonair6.gpx in Resources */ = {isa = PBXBuildFile; fileRef = 4ECD115A1D721C7D0016E156 /* dragonair6.gpx */; };
		4EDBDE511D68D83000E23540 /* clefable.gpx in Resources */ = {isa = PBXBuildFile; fileRef = 4EDBDE501D68D83000E23540 /* clefable.gpx */; };
		4EDBDE531D68DDB000E23540 /* dratini2.gpx in Resources */ = {isa = PBXBuildFile; fileRef = 4EDBDE521D68DDB000E23540 /* dratini2.gpx */; };
		4EDBDE551D68DEE000E23540 /* dratini3.gpx in Resources */ = {isa = PBXBuildFile; fileRef = 4EDBDE541D68DEE000E23540 /* dratini3.gpx */; };
		4EDBDE571D6AED5D00E23540 /* dragonite2.gpx in Resources */ = {isa = PBXBuildFile; fileRef = 4EDBDE561D6AED5D00E23540 /* dragonite2.gpx */; };
/* End PBXBuildFile section */

/* Begin PBXFileReference section */
		4E0E00161D5706A8004D4787 /* Farm_San_Francisco_Pokémon_Go_GPX.gpx */ = {isa = PBXFileReference; fileEncoding = 4; lastKnownFileType = text.xml; path = "Farm_San_Francisco_Pokémon_Go_GPX.gpx"; sourceTree = "<group>"; };
		4E0E00181D570C4B004D4787 /* San_Fransico_Pokemon_Route.gpx */ = {isa = PBXFileReference; fileEncoding = 4; lastKnownFileType = text.xml; path = San_Fransico_Pokemon_Route.gpx; sourceTree = "<group>"; };
		4E0E001C1D5710B8004D4787 /* route201317402.gpx */ = {isa = PBXFileReference; fileEncoding = 4; lastKnownFileType = text.xml; path = route201317402.gpx; sourceTree = "<group>"; };
		4E0E00401D585C12004D4787 /* burke.gpx */ = {isa = PBXFileReference; fileEncoding = 4; lastKnownFileType = text.xml; path = burke.gpx; sourceTree = "<group>"; };
		4E0E00421D58678F004D4787 /* burke_up.gpx */ = {isa = PBXFileReference; fileEncoding = 4; lastKnownFileType = text.xml; path = burke_up.gpx; sourceTree = "<group>"; };
		4E0E00441D5879D2004D4787 /* burke_bean.gpx */ = {isa = PBXFileReference; fileEncoding = 4; lastKnownFileType = text.xml; path = burke_bean.gpx; sourceTree = "<group>"; };
		4E0E00461D587A38004D4787 /* burke_up2.gpx */ = {isa = PBXFileReference; fileEncoding = 4; lastKnownFileType = text.xml; path = burke_up2.gpx; sourceTree = "<group>"; };
		4E0E00481D59BBCE004D4787 /* santa_monica.gpx */ = {isa = PBXFileReference; fileEncoding = 4; lastKnownFileType = text.xml; path = santa_monica.gpx; sourceTree = "<group>"; };
		4E0E004A1D5AE7EF004D4787 /* pier2.gpx */ = {isa = PBXFileReference; fileEncoding = 4; lastKnownFileType = text.xml; path = pier2.gpx; sourceTree = "<group>"; };
		4E0E004C1D5AF8A9004D4787 /* santa_monica_2.gpx */ = {isa = PBXFileReference; fileEncoding = 4; lastKnownFileType = text.xml; path = santa_monica_2.gpx; sourceTree = "<group>"; };
		4E0E004E1D5AF9CF004D4787 /* santa_monica_inward.gpx */ = {isa = PBXFileReference; fileEncoding = 4; lastKnownFileType = text.xml; path = santa_monica_inward.gpx; sourceTree = "<group>"; };
		4E0E00501D5AFAD6004D4787 /* santa_monica_park.gpx */ = {isa = PBXFileReference; fileEncoding = 4; lastKnownFileType = text.xml; path = santa_monica_park.gpx; sourceTree = "<group>"; };
		4E0E00521D5AFF44004D4787 /* santa_monica_south.gpx */ = {isa = PBXFileReference; fileEncoding = 4; lastKnownFileType = text.xml; path = santa_monica_south.gpx; sourceTree = "<group>"; };
		4E0E00541D5B0579004D4787 /* santa_monica_long.gpx */ = {isa = PBXFileReference; fileEncoding = 4; lastKnownFileType = text.xml; path = santa_monica_long.gpx; sourceTree = "<group>"; };
		4E0E00561D5DB28D004D4787 /* pier3.gpx */ = {isa = PBXFileReference; fileEncoding = 4; lastKnownFileType = text.xml; path = pier3.gpx; sourceTree = "<group>"; };
		4E0E00581D5DB7FB004D4787 /* pier4.gpx */ = {isa = PBXFileReference; fileEncoding = 4; lastKnownFileType = text.xml; path = pier4.gpx; sourceTree = "<group>"; };
		4E0E005C1D6041DF004D4787 /* dragonite.gpx */ = {isa = PBXFileReference; fileEncoding = 4; lastKnownFileType = text.xml; path = dragonite.gpx; sourceTree = "<group>"; };
		4E0E00881D619BFF004D4787 /* alakazam.gpx */ = {isa = PBXFileReference; fileEncoding = 4; lastKnownFileType = text.xml; path = alakazam.gpx; sourceTree = "<group>"; };
		4E0E008C1D62EEFD004D4787 /* beedrill.gpx */ = {isa = PBXFileReference; fileEncoding = 4; lastKnownFileType = text.xml; path = beedrill.gpx; sourceTree = "<group>"; };
		4E0E008E1D62EFDE004D4787 /* dratini.gpx */ = {isa = PBXFileReference; fileEncoding = 4; lastKnownFileType = text.xml; path = dratini.gpx; sourceTree = "<group>"; };
		4E0E00901D644C1D004D4787 /* dragonair.gpx */ = {isa = PBXFileReference; fileEncoding = 4; lastKnownFileType = text.xml; path = dragonair.gpx; sourceTree = "<group>"; };
		4E0E00921D644C6A004D4787 /* dragonair2.gpx */ = {isa = PBXFileReference; fileEncoding = 4; lastKnownFileType = text.xml; path = dragonair2.gpx; sourceTree = "<group>"; };
		4E16CF2518682BD200658FE0 /* LocationMapper.app */ = {isa = PBXFileReference; explicitFileType = wrapper.application; includeInIndex = 0; path = LocationMapper.app; sourceTree = BUILT_PRODUCTS_DIR; };
		4E16CF2818682BD200658FE0 /* Foundation.framework */ = {isa = PBXFileReference; lastKnownFileType = wrapper.framework; name = Foundation.framework; path = System/Library/Frameworks/Foundation.framework; sourceTree = SDKROOT; };
		4E16CF2A18682BD200658FE0 /* CoreGraphics.framework */ = {isa = PBXFileReference; lastKnownFileType = wrapper.framework; name = CoreGraphics.framework; path = System/Library/Frameworks/CoreGraphics.framework; sourceTree = SDKROOT; };
		4E16CF2C18682BD200658FE0 /* UIKit.framework */ = {isa = PBXFileReference; lastKnownFileType = wrapper.framework; name = UIKit.framework; path = System/Library/Frameworks/UIKit.framework; sourceTree = SDKROOT; };
		4E16CF3018682BD200658FE0 /* LocationMapper-Info.plist */ = {isa = PBXFileReference; lastKnownFileType = text.plist.xml; path = "LocationMapper-Info.plist"; sourceTree = "<group>"; };
		4E16CF3218682BD200658FE0 /* en */ = {isa = PBXFileReference; lastKnownFileType = text.plist.strings; name = en; path = en.lproj/InfoPlist.strings; sourceTree = "<group>"; };
		4E16CF3418682BD200658FE0 /* main.m */ = {isa = PBXFileReference; lastKnownFileType = sourcecode.c.objc; path = main.m; sourceTree = "<group>"; };
		4E16CF3618682BD200658FE0 /* LocationMapper-Prefix.pch */ = {isa = PBXFileReference; lastKnownFileType = sourcecode.c.h; path = "LocationMapper-Prefix.pch"; sourceTree = "<group>"; };
		4E16CF3718682BD200658FE0 /* LMPAppDelegate.h */ = {isa = PBXFileReference; lastKnownFileType = sourcecode.c.h; path = LMPAppDelegate.h; sourceTree = "<group>"; };
		4E16CF3818682BD200658FE0 /* LMPAppDelegate.m */ = {isa = PBXFileReference; lastKnownFileType = sourcecode.c.objc; path = LMPAppDelegate.m; sourceTree = "<group>"; };
		4E16CF3B18682BD200658FE0 /* Base */ = {isa = PBXFileReference; lastKnownFileType = file.storyboard; name = Base; path = Base.lproj/Main.storyboard; sourceTree = "<group>"; };
		4E16CF3D18682BD200658FE0 /* LMPViewController.h */ = {isa = PBXFileReference; lastKnownFileType = sourcecode.c.h; path = LMPViewController.h; sourceTree = "<group>"; };
		4E16CF3E18682BD200658FE0 /* LMPViewController.m */ = {isa = PBXFileReference; lastKnownFileType = sourcecode.c.objc; path = LMPViewController.m; sourceTree = "<group>"; };
		4E16CF4018682BD200658FE0 /* Images.xcassets */ = {isa = PBXFileReference; lastKnownFileType = folder.assetcatalog; path = Images.xcassets; sourceTree = "<group>"; };
		4E16CF4718682BD200658FE0 /* XCTest.framework */ = {isa = PBXFileReference; lastKnownFileType = wrapper.framework; name = XCTest.framework; path = Library/Frameworks/XCTest.framework; sourceTree = DEVELOPER_DIR; };
		4E16CF5E186832A800658FE0 /* FMDatabase.h */ = {isa = PBXFileReference; fileEncoding = 4; lastKnownFileType = sourcecode.c.h; name = FMDatabase.h; path = fmdb/src/FMDatabase.h; sourceTree = SOURCE_ROOT; };
		4E16CF5F186832A800658FE0 /* FMDatabase.m */ = {isa = PBXFileReference; fileEncoding = 4; lastKnownFileType = sourcecode.c.objc; name = FMDatabase.m; path = fmdb/src/FMDatabase.m; sourceTree = SOURCE_ROOT; };
		4E16CF60186832A800658FE0 /* FMDatabaseAdditions.h */ = {isa = PBXFileReference; fileEncoding = 4; lastKnownFileType = sourcecode.c.h; name = FMDatabaseAdditions.h; path = fmdb/src/FMDatabaseAdditions.h; sourceTree = SOURCE_ROOT; };
		4E16CF61186832A800658FE0 /* FMDatabaseAdditions.m */ = {isa = PBXFileReference; fileEncoding = 4; lastKnownFileType = sourcecode.c.objc; name = FMDatabaseAdditions.m; path = fmdb/src/FMDatabaseAdditions.m; sourceTree = SOURCE_ROOT; };
		4E16CF62186832A800658FE0 /* FMDatabasePool.h */ = {isa = PBXFileReference; fileEncoding = 4; lastKnownFileType = sourcecode.c.h; name = FMDatabasePool.h; path = fmdb/src/FMDatabasePool.h; sourceTree = SOURCE_ROOT; };
		4E16CF63186832A800658FE0 /* FMDatabasePool.m */ = {isa = PBXFileReference; fileEncoding = 4; lastKnownFileType = sourcecode.c.objc; name = FMDatabasePool.m; path = fmdb/src/FMDatabasePool.m; sourceTree = SOURCE_ROOT; };
		4E16CF64186832A800658FE0 /* FMDatabaseQueue.h */ = {isa = PBXFileReference; fileEncoding = 4; lastKnownFileType = sourcecode.c.h; name = FMDatabaseQueue.h; path = fmdb/src/FMDatabaseQueue.h; sourceTree = SOURCE_ROOT; };
		4E16CF65186832A800658FE0 /* FMDatabaseQueue.m */ = {isa = PBXFileReference; fileEncoding = 4; lastKnownFileType = sourcecode.c.objc; name = FMDatabaseQueue.m; path = fmdb/src/FMDatabaseQueue.m; sourceTree = SOURCE_ROOT; };
		4E16CF66186832A800658FE0 /* FMResultSet.h */ = {isa = PBXFileReference; fileEncoding = 4; lastKnownFileType = sourcecode.c.h; name = FMResultSet.h; path = fmdb/src/FMResultSet.h; sourceTree = SOURCE_ROOT; };
		4E16CF67186832A800658FE0 /* FMResultSet.m */ = {isa = PBXFileReference; fileEncoding = 4; lastKnownFileType = sourcecode.c.objc; name = FMResultSet.m; path = fmdb/src/FMResultSet.m; sourceTree = SOURCE_ROOT; };
		4E16CF6D186832BC00658FE0 /* libsqlite3.dylib */ = {isa = PBXFileReference; lastKnownFileType = "compiled.mach-o.dylib"; name = libsqlite3.dylib; path = usr/lib/libsqlite3.dylib; sourceTree = SDKROOT; };
		4E16CFBB186D6E0800658FE0 /* LMPDataPoint.h */ = {isa = PBXFileReference; fileEncoding = 4; lastKnownFileType = sourcecode.c.h; path = LMPDataPoint.h; sourceTree = "<group>"; };
		4E16CFBC186D6E0800658FE0 /* LMPDataPoint.m */ = {isa = PBXFileReference; fileEncoding = 4; lastKnownFileType = sourcecode.c.objc; path = LMPDataPoint.m; sourceTree = "<group>"; };
		4EB9CFA11D727205000D7B46 /* dragonite99.gpx */ = {isa = PBXFileReference; fileEncoding = 4; lastKnownFileType = text.xml; path = dragonite99.gpx; sourceTree = "<group>"; };
		4EB9CFA31D72A86A000D7B46 /* ocean_park.gpx */ = {isa = PBXFileReference; fileEncoding = 4; lastKnownFileType = text.xml; path = ocean_park.gpx; sourceTree = "<group>"; };
		4EB9CFA51D72A8CF000D7B46 /* dragonair999.gpx */ = {isa = PBXFileReference; fileEncoding = 4; lastKnownFileType = text.xml; path = dragonair999.gpx; sourceTree = "<group>"; };
		4EB9CFA71D72AFE1000D7B46 /* new_dratini.gpx */ = {isa = PBXFileReference; fileEncoding = 4; lastKnownFileType = text.xml; path = new_dratini.gpx; sourceTree = "<group>"; };
		4ECD11581D721AB70016E156 /* dragonair5.gpx */ = {isa = PBXFileReference; fileEncoding = 4; lastKnownFileType = text.xml; path = dragonair5.gpx; sourceTree = "<group>"; };
		4ECD115A1D721C7D0016E156 /* dragonair6.gpx */ = {isa = PBXFileReference; fileEncoding = 4; lastKnownFileType = text.xml; path = dragonair6.gpx; sourceTree = "<group>"; };
		4EDBDE501D68D83000E23540 /* clefable.gpx */ = {isa = PBXFileReference; fileEncoding = 4; lastKnownFileType = text.xml; path = clefable.gpx; sourceTree = "<group>"; };
		4EDBDE521D68DDB000E23540 /* dratini2.gpx */ = {isa = PBXFileReference; fileEncoding = 4; lastKnownFileType = text.xml; path = dratini2.gpx; sourceTree = "<group>"; };
		4EDBDE541D68DEE000E23540 /* dratini3.gpx */ = {isa = PBXFileReference; fileEncoding = 4; lastKnownFileType = text.xml; path = dratini3.gpx; sourceTree = "<group>"; };
		4EDBDE561D6AED5D00E23540 /* dragonite2.gpx */ = {isa = PBXFileReference; fileEncoding = 4; lastKnownFileType = text.xml; path = dragonite2.gpx; sourceTree = "<group>"; };
/* End PBXFileReference section */

/* Begin PBXFrameworksBuildPhase section */
		4E16CF2218682BD200658FE0 /* Frameworks */ = {
			isa = PBXFrameworksBuildPhase;
			buildActionMask = 2147483647;
			files = (
				4E16CF6E186832BC00658FE0 /* libsqlite3.dylib in Frameworks */,
				4E16CF2B18682BD200658FE0 /* CoreGraphics.framework in Frameworks */,
				4E16CF2D18682BD200658FE0 /* UIKit.framework in Frameworks */,
				4E16CF2918682BD200658FE0 /* Foundation.framework in Frameworks */,
			);
			runOnlyForDeploymentPostprocessing = 0;
		};
/* End PBXFrameworksBuildPhase section */

/* Begin PBXGroup section */
		4E16CF1C18682BD200658FE0 = {
			isa = PBXGroup;
			children = (
				4EB9CFA71D72AFE1000D7B46 /* new_dratini.gpx */,
				4EB9CFA51D72A8CF000D7B46 /* dragonair999.gpx */,
				4EB9CFA31D72A86A000D7B46 /* ocean_park.gpx */,
				4EB9CFA11D727205000D7B46 /* dragonite99.gpx */,
				4ECD115A1D721C7D0016E156 /* dragonair6.gpx */,
				4ECD11581D721AB70016E156 /* dragonair5.gpx */,
				4EDBDE561D6AED5D00E23540 /* dragonite2.gpx */,
				4EDBDE541D68DEE000E23540 /* dratini3.gpx */,
				4EDBDE521D68DDB000E23540 /* dratini2.gpx */,
				4EDBDE501D68D83000E23540 /* clefable.gpx */,
				4E0E00921D644C6A004D4787 /* dragonair2.gpx */,
				4E0E00901D644C1D004D4787 /* dragonair.gpx */,
				4E0E008E1D62EFDE004D4787 /* dratini.gpx */,
				4E0E008C1D62EEFD004D4787 /* beedrill.gpx */,
				4E0E00881D619BFF004D4787 /* alakazam.gpx */,
				4E0E005C1D6041DF004D4787 /* dragonite.gpx */,
				4E0E00581D5DB7FB004D4787 /* pier4.gpx */,
				4E0E00561D5DB28D004D4787 /* pier3.gpx */,
				4E0E00541D5B0579004D4787 /* santa_monica_long.gpx */,
				4E0E00521D5AFF44004D4787 /* santa_monica_south.gpx */,
				4E0E00501D5AFAD6004D4787 /* santa_monica_park.gpx */,
				4E0E004E1D5AF9CF004D4787 /* santa_monica_inward.gpx */,
				4E0E004C1D5AF8A9004D4787 /* santa_monica_2.gpx */,
				4E0E004A1D5AE7EF004D4787 /* pier2.gpx */,
				4E0E00481D59BBCE004D4787 /* santa_monica.gpx */,
				4E0E00461D587A38004D4787 /* burke_up2.gpx */,
				4E0E00441D5879D2004D4787 /* burke_bean.gpx */,
				4E0E00421D58678F004D4787 /* burke_up.gpx */,
				4E0E00401D585C12004D4787 /* burke.gpx */,
				4E0E001C1D5710B8004D4787 /* route201317402.gpx */,
				4E0E00181D570C4B004D4787 /* San_Fransico_Pokemon_Route.gpx */,
				4E0E00161D5706A8004D4787 /* Farm_San_Francisco_Pokémon_Go_GPX.gpx */,
				4E16CF2E18682BD200658FE0 /* LocationMapper */,
				4E16CF2718682BD200658FE0 /* Frameworks */,
				4E16CF2618682BD200658FE0 /* Products */,
			);
			sourceTree = "<group>";
		};
		4E16CF2618682BD200658FE0 /* Products */ = {
			isa = PBXGroup;
			children = (
				4E16CF2518682BD200658FE0 /* LocationMapper.app */,
			);
			name = Products;
			sourceTree = "<group>";
		};
		4E16CF2718682BD200658FE0 /* Frameworks */ = {
			isa = PBXGroup;
			children = (
				4E16CF6D186832BC00658FE0 /* libsqlite3.dylib */,
				4E16CF2818682BD200658FE0 /* Foundation.framework */,
				4E16CF2A18682BD200658FE0 /* CoreGraphics.framework */,
				4E16CF2C18682BD200658FE0 /* UIKit.framework */,
				4E16CF4718682BD200658FE0 /* XCTest.framework */,
			);
			name = Frameworks;
			sourceTree = "<group>";
		};
		4E16CF2E18682BD200658FE0 /* LocationMapper */ = {
			isa = PBXGroup;
			children = (
				4E16CF5D1868329A00658FE0 /* FMDB */,
				4E16CF3718682BD200658FE0 /* LMPAppDelegate.h */,
				4E16CF3818682BD200658FE0 /* LMPAppDelegate.m */,
				4E16CF3A18682BD200658FE0 /* Main.storyboard */,
				4E16CF3D18682BD200658FE0 /* LMPViewController.h */,
				4E16CF3E18682BD200658FE0 /* LMPViewController.m */,
				4E16CFBB186D6E0800658FE0 /* LMPDataPoint.h */,
				4E16CFBC186D6E0800658FE0 /* LMPDataPoint.m */,
				4E16CF4018682BD200658FE0 /* Images.xcassets */,
				4E16CF2F18682BD200658FE0 /* Supporting Files */,
			);
			path = LocationMapper;
			sourceTree = "<group>";
		};
		4E16CF2F18682BD200658FE0 /* Supporting Files */ = {
			isa = PBXGroup;
			children = (
				4E16CF3018682BD200658FE0 /* LocationMapper-Info.plist */,
				4E16CF3118682BD200658FE0 /* InfoPlist.strings */,
				4E16CF3418682BD200658FE0 /* main.m */,
				4E16CF3618682BD200658FE0 /* LocationMapper-Prefix.pch */,
			);
			name = "Supporting Files";
			sourceTree = "<group>";
		};
		4E16CF5D1868329A00658FE0 /* FMDB */ = {
			isa = PBXGroup;
			children = (
				4E16CF5E186832A800658FE0 /* FMDatabase.h */,
				4E16CF5F186832A800658FE0 /* FMDatabase.m */,
				4E16CF60186832A800658FE0 /* FMDatabaseAdditions.h */,
				4E16CF61186832A800658FE0 /* FMDatabaseAdditions.m */,
				4E16CF62186832A800658FE0 /* FMDatabasePool.h */,
				4E16CF63186832A800658FE0 /* FMDatabasePool.m */,
				4E16CF64186832A800658FE0 /* FMDatabaseQueue.h */,
				4E16CF65186832A800658FE0 /* FMDatabaseQueue.m */,
				4E16CF66186832A800658FE0 /* FMResultSet.h */,
				4E16CF67186832A800658FE0 /* FMResultSet.m */,
			);
			name = FMDB;
			sourceTree = "<group>";
		};
/* End PBXGroup section */

/* Begin PBXNativeTarget section */
		4E16CF2418682BD200658FE0 /* LocationMapper */ = {
			isa = PBXNativeTarget;
			buildConfigurationList = 4E16CF5718682BD200658FE0 /* Build configuration list for PBXNativeTarget "LocationMapper" */;
			buildPhases = (
				4E16CF2118682BD200658FE0 /* Sources */,
				4E16CF2218682BD200658FE0 /* Frameworks */,
				4E16CF2318682BD200658FE0 /* Resources */,
			);
			buildRules = (
			);
			dependencies = (
			);
			name = LocationMapper;
			productName = LocationMapper;
			productReference = 4E16CF2518682BD200658FE0 /* LocationMapper.app */;
			productType = "com.apple.product-type.application";
		};
/* End PBXNativeTarget section */

/* Begin PBXProject section */
		4E16CF1D18682BD200658FE0 /* Project object */ = {
			isa = PBXProject;
			attributes = {
				CLASSPREFIX = LMP;
				LastUpgradeCheck = 0500;
				ORGANIZATIONNAME = "Eric Ito";
				TargetAttributes = {
					4E16CF2418682BD200658FE0 = {
						DevelopmentTeam = E9GZR66LB7;
						SystemCapabilities = {
							com.apple.BackgroundModes = {
								enabled = 1;
							};
						};
					};
				};
			};
			buildConfigurationList = 4E16CF2018682BD200658FE0 /* Build configuration list for PBXProject "LocationMapper" */;
			compatibilityVersion = "Xcode 3.2";
			developmentRegion = English;
			hasScannedForEncodings = 0;
			knownRegions = (
				en,
				Base,
			);
			mainGroup = 4E16CF1C18682BD200658FE0;
			productRefGroup = 4E16CF2618682BD200658FE0 /* Products */;
			projectDirPath = "";
			projectRoot = "";
			targets = (
				4E16CF2418682BD200658FE0 /* LocationMapper */,
			);
		};
/* End PBXProject section */

/* Begin PBXResourcesBuildPhase section */
		4E16CF2318682BD200658FE0 /* Resources */ = {
			isa = PBXResourcesBuildPhase;
			buildActionMask = 2147483647;
			files = (
				4E16CF4118682BD200658FE0 /* Images.xcassets in Resources */,
				4E0E00911D644C1D004D4787 /* dragonair.gpx in Resources */,
				4E0E00451D5879D2004D4787 /* burke_bean.gpx in Resources */,
				4EB9CFA61D72A8CF000D7B46 /* dragonair999.gpx in Resources */,
				4E0E008D1D62EEFD004D4787 /* beedrill.gpx in Resources */,
				4E0E00531D5AFF44004D4787 /* santa_monica_south.gpx in Resources */,
				4E0E00171D5706A8004D4787 /* Farm_San_Francisco_Pokémon_Go_GPX.gpx in Resources */,
				4E0E00491D59BBCE004D4787 /* santa_monica.gpx in Resources */,
				4EDBDE511D68D83000E23540 /* clefable.gpx in Resources */,
				4E0E00931D644C6A004D4787 /* dragonair2.gpx in Resources */,
				4E0E00571D5DB28D004D4787 /* pier3.gpx in Resources */,
				4EB9CFA41D72A86A000D7B46 /* ocean_park.gpx in Resources */,
				4E0E001D1D5710B8004D4787 /* route201317402.gpx in Resources */,
				4E0E00191D570C4B004D4787 /* San_Fransico_Pokemon_Route.gpx in Resources */,
				4E0E00551D5B0579004D4787 /* santa_monica_long.gpx in Resources */,
				4E0E00511D5AFAD6004D4787 /* santa_monica_park.gpx in Resources */,
				4E0E004D1D5AF8A9004D4787 /* santa_monica_2.gpx in Resources */,
				4E0E005D1D6041DF004D4787 /* dragonite.gpx in Resources */,
				4E0E00471D587A38004D4787 /* burke_up2.gpx in Resources */,
				4ECD115B1D721C7D0016E156 /* dragonair6.gpx in Resources */,
				4EDBDE571D6AED5D00E23540 /* dragonite2.gpx in Resources */,
				4E0E00411D585C12004D4787 /* burke.gpx in Resources */,
				4E0E00591D5DB7FB004D4787 /* pier4.gpx in Resources */,
				4E0E004B1D5AE7EF004D4787 /* pier2.gpx in Resources */,
				4E16CF3318682BD200658FE0 /* InfoPlist.strings in Resources */,
				4E0E00891D619BFF004D4787 /* alakazam.gpx in Resources */,
				4E0E00431D58678F004D4787 /* burke_up.gpx in Resources */,
				4EDBDE551D68DEE000E23540 /* dratini3.gpx in Resources */,
				4EB9CFA81D72AFE1000D7B46 /* new_dratini.gpx in Resources */,
				4E16CF3C18682BD200658FE0 /* Main.storyboard in Resources */,
				4EB9CFA21D727205000D7B46 /* dragonite99.gpx in Resources */,
				4E0E008F1D62EFDE004D4787 /* dratini.gpx in Resources */,
				4ECD11591D721AB70016E156 /* dragonair5.gpx in Resources */,
				4EDBDE531D68DDB000E23540 /* dratini2.gpx in Resources */,
				4E0E004F1D5AF9CF004D4787 /* santa_monica_inward.gpx in Resources */,
			);
			runOnlyForDeploymentPostprocessing = 0;
		};
/* End PBXResourcesBuildPhase section */

/* Begin PBXSourcesBuildPhase section */
		4E16CF2118682BD200658FE0 /* Sources */ = {
			isa = PBXSourcesBuildPhase;
			buildActionMask = 2147483647;
			files = (
				4E16CF3918682BD200658FE0 /* LMPAppDelegate.m in Sources */,
				4E16CF6A186832A800658FE0 /* FMDatabasePool.m in Sources */,
				4E16CF3518682BD200658FE0 /* main.m in Sources */,
				4E16CFBD186D6E0800658FE0 /* LMPDataPoint.m in Sources */,
				4E16CF6B186832A800658FE0 /* FMDatabaseQueue.m in Sources */,
				4E16CF3F18682BD200658FE0 /* LMPViewController.m in Sources */,
				4E16CF68186832A800658FE0 /* FMDatabase.m in Sources */,
				4E16CF6C186832A800658FE0 /* FMResultSet.m in Sources */,
				4E16CF69186832A800658FE0 /* FMDatabaseAdditions.m in Sources */,
			);
			runOnlyForDeploymentPostprocessing = 0;
		};
/* End PBXSourcesBuildPhase section */

/* Begin PBXVariantGroup section */
		4E16CF3118682BD200658FE0 /* InfoPlist.strings */ = {
			isa = PBXVariantGroup;
			children = (
				4E16CF3218682BD200658FE0 /* en */,
			);
			name = InfoPlist.strings;
			sourceTree = "<group>";
		};
		4E16CF3A18682BD200658FE0 /* Main.storyboard */ = {
			isa = PBXVariantGroup;
			children = (
				4E16CF3B18682BD200658FE0 /* Base */,
			);
			name = Main.storyboard;
			sourceTree = "<group>";
		};
/* End PBXVariantGroup section */

/* Begin XCBuildConfiguration section */
		4E16CF5518682BD200658FE0 /* Debug */ = {
			isa = XCBuildConfiguration;
			buildSettings = {
				ALWAYS_SEARCH_USER_PATHS = NO;
				ARCHS = "$(ARCHS_STANDARD_INCLUDING_64_BIT)";
				CLANG_CXX_LANGUAGE_STANDARD = "gnu++0x";
				CLANG_CXX_LIBRARY = "libc++";
				CLANG_ENABLE_MODULES = YES;
				CLANG_ENABLE_OBJC_ARC = YES;
				CLANG_WARN_BOOL_CONVERSION = YES;
				CLANG_WARN_CONSTANT_CONVERSION = YES;
				CLANG_WARN_DIRECT_OBJC_ISA_USAGE = YES_ERROR;
				CLANG_WARN_EMPTY_BODY = YES;
				CLANG_WARN_ENUM_CONVERSION = YES;
				CLANG_WARN_INT_CONVERSION = YES;
				CLANG_WARN_OBJC_ROOT_CLASS = YES_ERROR;
				CLANG_WARN__DUPLICATE_METHOD_MATCH = YES;
				"CODE_SIGN_IDENTITY[sdk=iphoneos*]" = "iPhone Developer";
				COPY_PHASE_STRIP = NO;
				GCC_C_LANGUAGE_STANDARD = gnu99;
				GCC_DYNAMIC_NO_PIC = NO;
				GCC_OPTIMIZATION_LEVEL = 0;
				GCC_PREPROCESSOR_DEFINITIONS = (
					"DEBUG=1",
					"$(inherited)",
				);
				GCC_SYMBOLS_PRIVATE_EXTERN = NO;
				GCC_WARN_64_TO_32_BIT_CONVERSION = YES;
				GCC_WARN_ABOUT_RETURN_TYPE = YES_ERROR;
				GCC_WARN_UNDECLARED_SELECTOR = YES;
				GCC_WARN_UNINITIALIZED_AUTOS = YES;
				GCC_WARN_UNUSED_FUNCTION = YES;
				GCC_WARN_UNUSED_VARIABLE = YES;
				IPHONEOS_DEPLOYMENT_TARGET = 7.0;
				ONLY_ACTIVE_ARCH = YES;
				SDKROOT = iphoneos;
			};
			name = Debug;
		};
		4E16CF5618682BD200658FE0 /* Release */ = {
			isa = XCBuildConfiguration;
			buildSettings = {
				ALWAYS_SEARCH_USER_PATHS = NO;
				ARCHS = "$(ARCHS_STANDARD_INCLUDING_64_BIT)";
				CLANG_CXX_LANGUAGE_STANDARD = "gnu++0x";
				CLANG_CXX_LIBRARY = "libc++";
				CLANG_ENABLE_MODULES = YES;
				CLANG_ENABLE_OBJC_ARC = YES;
				CLANG_WARN_BOOL_CONVERSION = YES;
				CLANG_WARN_CONSTANT_CONVERSION = YES;
				CLANG_WARN_DIRECT_OBJC_ISA_USAGE = YES_ERROR;
				CLANG_WARN_EMPTY_BODY = YES;
				CLANG_WARN_ENUM_CONVERSION = YES;
				CLANG_WARN_INT_CONVERSION = YES;
				CLANG_WARN_OBJC_ROOT_CLASS = YES_ERROR;
				CLANG_WARN__DUPLICATE_METHOD_MATCH = YES;
				"CODE_SIGN_IDENTITY[sdk=iphoneos*]" = "iPhone Developer";
				COPY_PHASE_STRIP = YES;
				ENABLE_NS_ASSERTIONS = NO;
				GCC_C_LANGUAGE_STANDARD = gnu99;
				GCC_WARN_64_TO_32_BIT_CONVERSION = YES;
				GCC_WARN_ABOUT_RETURN_TYPE = YES_ERROR;
				GCC_WARN_UNDECLARED_SELECTOR = YES;
				GCC_WARN_UNINITIALIZED_AUTOS = YES;
				GCC_WARN_UNUSED_FUNCTION = YES;
				GCC_WARN_UNUSED_VARIABLE = YES;
				IPHONEOS_DEPLOYMENT_TARGET = 7.0;
				SDKROOT = iphoneos;
				VALIDATE_PRODUCT = YES;
			};
			name = Release;
		};
		4E16CF5818682BD200658FE0 /* Debug */ = {
			isa = XCBuildConfiguration;
			buildSettings = {
				ASSETCATALOG_COMPILER_APPICON_NAME = AppIcon;
				ASSETCATALOG_COMPILER_LAUNCHIMAGE_NAME = LaunchImage;
				CODE_SIGN_IDENTITY = "iPhone Developer";
				GCC_PRECOMPILE_PREFIX_HEADER = YES;
				GCC_PREFIX_HEADER = "LocationMapper/LocationMapper-Prefix.pch";
				INFOPLIST_FILE = "LocationMapper/LocationMapper-Info.plist";
				PRODUCT_NAME = "$(TARGET_NAME)";
				WRAPPER_EXTENSION = app;
			};
			name = Debug;
		};
		4E16CF5918682BD200658FE0 /* Release */ = {
			isa = XCBuildConfiguration;
			buildSettings = {
				ASSETCATALOG_COMPILER_APPICON_NAME = AppIcon;
				ASSETCATALOG_COMPILER_LAUNCHIMAGE_NAME = LaunchImage;
				CODE_SIGN_IDENTITY = "iPhone Developer";
				GCC_PRECOMPILE_PREFIX_HEADER = YES;
				GCC_PREFIX_HEADER = "LocationMapper/LocationMapper-Prefix.pch";
				INFOPLIST_FILE = "LocationMapper/LocationMapper-Info.plist";
				PRODUCT_NAME = "$(TARGET_NAME)";
				WRAPPER_EXTENSION = app;
			};
			name = Release;
		};
/* End XCBuildConfiguration section */

/* Begin XCConfigurationList section */
		4E16CF2018682BD200658FE0 /* Build configuration list for PBXProject "LocationMapper" */ = {
			isa = XCConfigurationList;
			buildConfigurations = (
				4E16CF5518682BD200658FE0 /* Debug */,
				4E16CF5618682BD200658FE0 /* Release */,
			);
			defaultConfigurationIsVisible = 0;
			defaultConfigurationName = Release;
		};
		4E16CF5718682BD200658FE0 /* Build configuration list for PBXNativeTarget "LocationMapper" */ = {
			isa = XCConfigurationList;
			buildConfigurations = (
				4E16CF5818682BD200658FE0 /* Debug */,
				4E16CF5918682BD200658FE0 /* Release */,
			);
			defaultConfigurationIsVisible = 0;
			defaultConfigurationName = Release;
		};
/* End XCConfigurationList section */
	};
	rootObject = 4E16CF1D18682BD200658FE0 /* Project object */;
}
